{
  "nodes": {
    "nixpkgs": {
      "locked": {
        "lastModified": 1731433363,
        "narHash": "sha256-LXEUxBNzejjF+bvqp348FCan2dfTVrVHVVGnTGVOBtw=",
        "owner": "NixOS",
        "repo": "nixpkgs",
        "rev": "a0292698ca0f125f1f78e3ecc9c0a2cafb870137",
        "type": "github"
      },
      "original": {
        "owner": "NixOS",
        "repo": "nixpkgs",
        "type": "github"
      }
    },
    "root": {
      "inputs": {
        "nixpkgs": "nixpkgs"
      }
    }
  },
  "root": "root",
  "version": 7
}
